
Microsoft Visual Studio Solution File, Format Version 12.00
# Visual Studio Version 17
VisualStudioVersion = 17.11.35222.181
MinimumVisualStudioVersion = 10.0.40219.1
Project("{FAE04EC0-301F-11D3-BF4B-00C04F79EFBC}") = "Taverna", "Taverna\Taverna\Taverna.csproj", "{B042D5D7-B989-4FFB-934C-F9B8E1938F05}"
EndProject
Project("{FAE04EC0-301F-11D3-BF4B-00C04F79EFBC}") = "Taverna.Client", "Taverna\Taverna.Client\Taverna.Client.csproj", "{36EE478C-6942-4737-B98C-0D788756869E}"
EndProject
Project("{FAE04EC0-301F-11D3-BF4B-00C04F79EFBC}") = "Taverna.Tests", "Taverna.Tests\Taverna.Tests.csproj", "{3BC1B64D-8217-4E48-A02F-752466A42230}"
EndProject
Global
	GlobalSection(SolutionConfigurationPlatforms) = preSolution
		Debug|Any CPU = Debug|Any CPU
		Release|Any CPU = Release|Any CPU
	EndGlobalSection
	GlobalSection(ProjectConfigurationPlatforms) = postSolution
		{B042D5D7-B989-4FFB-934C-F9B8E1938F05}.Debug|Any CPU.ActiveCfg = Debug|Any CPU
		{B042D5D7-B989-4FFB-934C-F9B8E1938F05}.Debug|Any CPU.Build.0 = Debug|Any CPU
		{B042D5D7-B989-4FFB-934C-F9B8E1938F05}.Release|Any CPU.ActiveCfg = Release|Any CPU
		{B042D5D7-B989-4FFB-934C-F9B8E1938F05}.Release|Any CPU.Build.0 = Release|Any CPU
		{36EE478C-6942-4737-B98C-0D788756869E}.Debug|Any CPU.ActiveCfg = Debug|Any CPU
		{36EE478C-6942-4737-B98C-0D788756869E}.Debug|Any CPU.Build.0 = Debug|Any CPU
		{36EE478C-6942-4737-B98C-0D788756869E}.Release|Any CPU.ActiveCfg = Release|Any CPU
		{36EE478C-6942-4737-B98C-0D788756869E}.Release|Any CPU.Build.0 = Release|Any CPU
		{3BC1B64D-8217-4E48-A02F-752466A42230}.Debug|Any CPU.ActiveCfg = Debug|Any CPU
		{3BC1B64D-8217-4E48-A02F-752466A42230}.Debug|Any CPU.Build.0 = Debug|Any CPU
		{3BC1B64D-8217-4E48-A02F-752466A42230}.Release|Any CPU.ActiveCfg = Release|Any CPU
		{3BC1B64D-8217-4E48-A02F-752466A42230}.Release|Any CPU.Build.0 = Release|Any CPU
	EndGlobalSection
	GlobalSection(SolutionProperties) = preSolution
		HideSolutionNode = FALSE
	EndGlobalSection
	GlobalSection(ExtensibilityGlobals) = postSolution
		SolutionGuid = {C60C6785-606E-486E-B466-EB624B2F713E}
	EndGlobalSection
EndGlobal
